
Microsoft Visual Studio Solution File, Format Version 12.00
# Visual Studio Version 17
VisualStudioVersion = 17.13.35931.197 d17.13
MinimumVisualStudioVersion = 10.0.40219.1
Project("{FAE04EC0-301F-11D3-BF4B-00C04F79EFBC}") = "OfficeComExport", "OfficeComExport\OfficeComExport.csproj", "{A23642A8-C822-46C3-8AA2-380AA8B4BAB7}"
EndProject
Project("{FAE04EC0-301F-11D3-BF4B-00C04F79EFBC}") = "WordExportPlugin", "WordExportPlugin\WordExportPlugin.csproj", "{818CCB7F-FEBE-47ED-AF06-02248758629E}"
EndProject
Project("{FAE04EC0-301F-11D3-BF4B-00C04F79EFBC}") = "ExcelExportPlugin", "ExcelExportPlugin\ExcelExportPlugin.csproj", "{DAF0A3C9-F151-422F-93C5-EEABAD9E26BC}"
EndProject
Global
	GlobalSection(SolutionConfigurationPlatforms) = preSolution
		Debug|Any CPU = Debug|Any CPU
		Release|Any CPU = Release|Any CPU
	EndGlobalSection
	GlobalSection(ProjectConfigurationPlatforms) = postSolution
		{A23642A8-C822-46C3-8AA2-380AA8B4BAB7}.Debug|Any CPU.ActiveCfg = Debug|Any CPU
		{A23642A8-C822-46C3-8AA2-380AA8B4BAB7}.Debug|Any CPU.Build.0 = Debug|Any CPU
		{A23642A8-C822-46C3-8AA2-380AA8B4BAB7}.Release|Any CPU.ActiveCfg = Release|Any CPU
		{A23642A8-C822-46C3-8AA2-380AA8B4BAB7}.Release|Any CPU.Build.0 = Release|Any CPU
		{818CCB7F-FEBE-47ED-AF06-02248758629E}.Debug|Any CPU.ActiveCfg = Debug|Any CPU
		{818CCB7F-FEBE-47ED-AF06-02248758629E}.Debug|Any CPU.Build.0 = Debug|Any CPU
		{818CCB7F-FEBE-47ED-AF06-02248758629E}.Release|Any CPU.ActiveCfg = Release|Any CPU
		{818CCB7F-FEBE-47ED-AF06-02248758629E}.Release|Any CPU.Build.0 = Release|Any CPU
		{DAF0A3C9-F151-422F-93C5-EEABAD9E26BC}.Debug|Any CPU.ActiveCfg = Debug|Any CPU
		{DAF0A3C9-F151-422F-93C5-EEABAD9E26BC}.Debug|Any CPU.Build.0 = Debug|Any CPU
		{DAF0A3C9-F151-422F-93C5-EEABAD9E26BC}.Release|Any CPU.ActiveCfg = Release|Any CPU
		{DAF0A3C9-F151-422F-93C5-EEABAD9E26BC}.Release|Any CPU.Build.0 = Release|Any CPU
	EndGlobalSection
	GlobalSection(SolutionProperties) = preSolution
		HideSolutionNode = FALSE
	EndGlobalSection
	GlobalSection(ExtensibilityGlobals) = postSolution
		SolutionGuid = {DAE89E18-7EAE-4800-B39D-8AF40425B5FA}
	EndGlobalSection
EndGlobal
